<?xml version="1.0" encoding="utf-8"?>
<Project ToolsVersion="4.0" xmlns="http://schemas.microsoft.com/developer/msbuild/2003">
  <ItemGroup>
    <Filter Include="Source">
      <UniqueIdentifier>{67DA6AB6-F800-4c08-8B7A-83BB121AAD01}</UniqueIdentifier>
      <Extensions>rc;ico;cur;bmp;dlg;rc2;rct;bin;rgs;gif;jpg;jpeg;jpe;resx;tiff;tif;png;wav;mfcribbon-ms</Extensions>
    </Filter>
    <Filter Include="Source\External">
      <UniqueIdentifier>{04f81dbb-1d8c-4613-a766-7c6051890380}</UniqueIdentifier>
    </Filter>
    <Filter Include="Source\Shaders">
      <UniqueIdentifier>{ea41fa29-b1c9-4ea4-a56a-89d6d12a7a2c}</UniqueIdentifier>
    </Filter>
    <Filter Include="Headers">
      <UniqueIdentifier>{93995380-89BD-4b04-88EB-625FBE52EBFB}</UniqueIdentifier>
      <Extensions>h;hh;hpp;hxx;hm;inl;inc;ipp;xsd</Extensions>
    </Filter>
    <Filter Include="Headers\External">
      <UniqueIdentifier>{fba0f8a2-8ac2-49ea-919a-4ef68b584d2a}</UniqueIdentifier>
    </Filter>
  </ItemGroup>
  <ItemGroup>
    <ClCompile Include="main.cpp">
      <Filter>Source</Filter>
    </ClCompile>
    <ClCompile Include="imgui.cpp">
      <Filter>Source\External</Filter>
    </ClCompile>
    <ClCompile Include="imgui_demo.cpp">
      <Filter>Source\External</Filter>
    </ClCompile>
    <ClCompile Include="imgui_draw.cpp">
      <Filter>Source\External</Filter>
    </ClCompile>
    <ClCompile Include="imgui_widgets.cpp">
      <Filter>Source\External</Filter>
    </ClCompile>
    <ClCompile Include="imgui_impl_glfw.cpp">
      <Filter>Source\External</Filter>
    </ClCompile>
    <ClCompile Include="imgui_impl_opengl3.cpp">
      <Filter>Source\External</Filter>
    </ClCompile>
    <ClCompile Include="glad.c">
      <Filter>Source\External</Filter>
    </ClCompile>
  </ItemGroup>
  <ItemGroup>
    <ClInclude Include="imconfig.h">
      <Filter>Headers\External</Filter>
    </ClInclude>
    <ClInclude Include="imgui.h">
      <Filter>Headers\External</Filter>
    </ClInclude>
    <ClInclude Include="imgui_internal.h">
      <Filter>Headers\External</Filter>
    </ClInclude>
    <ClInclude Include="imstb_rectpack.h">
      <Filter>Headers\External</Filter>
    </ClInclude>
    <ClInclude Include="imstb_textedit.h">
      <Filter>Headers\External</Filter>
    </ClInclude>
    <ClInclude Include="imstb_truetype.h">
      <Filter>Headers\External</Filter>
    </ClInclude>
    <ClInclude Include="imgui_impl_glfw.h">
      <Filter>Headers\External</Filter>
    </ClInclude>
    <ClInclude Include="imgui_impl_opengl3.h">
      <Filter>Headers\External</Filter>
    </ClInclude>
    <ClInclude Include="stb_image.h">
      <Filter>Headers\External</Filter>
    </ClInclude>
    <ClInclude Include="auxiliar_funcs.hpp">
      <Filter>Source</Filter>
    </ClInclude>
  </ItemGroup>
  <ItemGroup>
    <None Include="..\bin\data\shaders\shader.frag">
      <Filter>Source\Shaders</Filter>
    </None>
    <None Include="..\bin\data\shaders\shader3D.vert">
      <Filter>Source\Shaders</Filter>
    </None>
    <None Include="..\bin\data\shaders\shader2D.vert">
      <Filter>Source\Shaders</Filter>
    </None>
  </ItemGroup>
</Project>